
Microsoft Visual Studio Solution File, Format Version 12.00
# Visual Studio Version 17
VisualStudioVersion = 17.2.32630.192
MinimumVisualStudioVersion = 10.0.40219.1
Project("{FAE04EC0-301F-11D3-BF4B-00C04F79EFBC}") = "ContactPro_MVC", "ContactPro_MVC\ContactPro_MVC.csproj", "{AF4FF849-3B9F-4CC4-923A-5CFBDB2A1AE6}"
EndProject
Global
	GlobalSection(SolutionConfigurationPlatforms) = preSolution
		Debug|Any CPU = Debug|Any CPU
		Release|Any CPU = Release|Any CPU
	EndGlobalSection
	GlobalSection(ProjectConfigurationPlatforms) = postSolution
		{AF4FF849-3B9F-4CC4-923A-5CFBDB2A1AE6}.Debug|Any CPU.ActiveCfg = Debug|Any CPU
		{AF4FF849-3B9F-4CC4-923A-5CFBDB2A1AE6}.Debug|Any CPU.Build.0 = Debug|Any CPU
		{AF4FF849-3B9F-4CC4-923A-5CFBDB2A1AE6}.Release|Any CPU.ActiveCfg = Release|Any CPU
		{AF4FF849-3B9F-4CC4-923A-5CFBDB2A1AE6}.Release|Any CPU.Build.0 = Release|Any CPU
	EndGlobalSection
	GlobalSection(SolutionProperties) = preSolution
		HideSolutionNode = FALSE
	EndGlobalSection
	GlobalSection(ExtensibilityGlobals) = postSolution
		SolutionGuid = {BF65DBEE-FB15-4A17-B5FE-1CA33140A8D4}
	EndGlobalSection
EndGlobal
